
Microsoft Visual Studio Solution File, Format Version 12.00
# Visual Studio Version 16
VisualStudioVersion = 16.0.29709.97
MinimumVisualStudioVersion = 10.0.40219.1
Project("{9A19103F-16F7-4668-BE54-9A1E7A4F7556}") = "SchulDb.Model", "SchulDb.Model\SchulDb.Model.csproj", "{CBCBCFFC-B5BA-4886-8A4C-2304E04D110A}"
EndProject
Project("{9A19103F-16F7-4668-BE54-9A1E7A4F7556}") = "SchulDb.Untis", "SchulDb.Untis\SchulDb.Untis.csproj", "{AA41243C-1C52-46D3-8065-720111D7294A}"
EndProject
Project("{9A19103F-16F7-4668-BE54-9A1E7A4F7556}") = "SchulDbGenerator", "SchulDbGenerator\SchulDbGenerator.csproj", "{0F029BC1-F295-4041-8C07-8D3B293573A6}"
EndProject
Global
	GlobalSection(SolutionConfigurationPlatforms) = preSolution
		Debug|Any CPU = Debug|Any CPU
		Release|Any CPU = Release|Any CPU
	EndGlobalSection
	GlobalSection(ProjectConfigurationPlatforms) = postSolution
		{CBCBCFFC-B5BA-4886-8A4C-2304E04D110A}.Debug|Any CPU.ActiveCfg = Debug|Any CPU
		{CBCBCFFC-B5BA-4886-8A4C-2304E04D110A}.Debug|Any CPU.Build.0 = Debug|Any CPU
		{CBCBCFFC-B5BA-4886-8A4C-2304E04D110A}.Release|Any CPU.ActiveCfg = Release|Any CPU
		{CBCBCFFC-B5BA-4886-8A4C-2304E04D110A}.Release|Any CPU.Build.0 = Release|Any CPU
		{AA41243C-1C52-46D3-8065-720111D7294A}.Debug|Any CPU.ActiveCfg = Debug|Any CPU
		{AA41243C-1C52-46D3-8065-720111D7294A}.Debug|Any CPU.Build.0 = Debug|Any CPU
		{AA41243C-1C52-46D3-8065-720111D7294A}.Release|Any CPU.ActiveCfg = Release|Any CPU
		{AA41243C-1C52-46D3-8065-720111D7294A}.Release|Any CPU.Build.0 = Release|Any CPU
		{0F029BC1-F295-4041-8C07-8D3B293573A6}.Debug|Any CPU.ActiveCfg = Debug|Any CPU
		{0F029BC1-F295-4041-8C07-8D3B293573A6}.Debug|Any CPU.Build.0 = Debug|Any CPU
		{0F029BC1-F295-4041-8C07-8D3B293573A6}.Release|Any CPU.ActiveCfg = Release|Any CPU
		{0F029BC1-F295-4041-8C07-8D3B293573A6}.Release|Any CPU.Build.0 = Release|Any CPU
		{A2D9FF5E-E8FD-48EA-B6B9-12E26CD7DDCE}.Debug|Any CPU.ActiveCfg = Debug|Any CPU
		{A2D9FF5E-E8FD-48EA-B6B9-12E26CD7DDCE}.Debug|Any CPU.Build.0 = Debug|Any CPU
		{A2D9FF5E-E8FD-48EA-B6B9-12E26CD7DDCE}.Release|Any CPU.ActiveCfg = Release|Any CPU
		{A2D9FF5E-E8FD-48EA-B6B9-12E26CD7DDCE}.Release|Any CPU.Build.0 = Release|Any CPU
	EndGlobalSection
	GlobalSection(SolutionProperties) = preSolution
		HideSolutionNode = FALSE
	EndGlobalSection
	GlobalSection(ExtensibilityGlobals) = postSolution
		SolutionGuid = {7C6BF30E-06CA-4031-8663-37F8D7B5952A}
	EndGlobalSection
EndGlobal
